
Microsoft Visual Studio Solution File, Format Version 12.00
# Visual Studio 15
VisualStudioVersion = 15.0.26730.10
MinimumVisualStudioVersion = 10.0.40219.1

Project("{6EC3EE1D-3C4E-46DD-8F32-0CC8E7565705}") = "DynamicUI", "DynamicUI\DynamicUI.fsproj", "{8BE4DE02-E6BF-43CF-B059-E4CC67F48CE6}"
EndProject



Project("{F2A71F9B-5D33-465A-A702-920D77279786}") = "DynamicUI.iOS", "DynamicUI.iOS\DynamicUI.iOS.fsproj", "{28DD31DB-1EB5-4A7E-9EA8-F5BD655209D2}"
EndProject




Global
	GlobalSection(SolutionConfigurationPlatforms) = preSolution
		Ad-Hoc|Any CPU = Ad-Hoc|Any CPU
		Ad-Hoc|ARM = Ad-Hoc|ARM
		Ad-Hoc|iPhone = Ad-Hoc|iPhone
		Ad-Hoc|iPhoneSimulator = Ad-Hoc|iPhoneSimulator
		Ad-Hoc|x64 = Ad-Hoc|x64
		Ad-Hoc|x86 = Ad-Hoc|x86
		AppStore|Any CPU = AppStore|Any CPU
		AppStore|ARM = AppStore|ARM
		AppStore|iPhone = AppStore|iPhone
		AppStore|iPhoneSimulator = AppStore|iPhoneSimulator
		AppStore|x64 = AppStore|x64
		AppStore|x86 = AppStore|x86
		Debug|Any CPU = Debug|Any CPU
		Debug|ARM = Debug|ARM
		Debug|iPhone = Debug|iPhone
		Debug|iPhoneSimulator = Debug|iPhoneSimulator
		Debug|x64 = Debug|x64
		Debug|x86 = Debug|x86
		Release|Any CPU = Release|Any CPU
		Release|ARM = Release|ARM
		Release|iPhone = Release|iPhone
		Release|iPhoneSimulator = Release|iPhoneSimulator
		Release|x64 = Release|x64
		Release|x86 = Release|x86
	EndGlobalSection
	GlobalSection(ProjectConfigurationPlatforms) = postSolution
		{8BE4DE02-E6BF-43CF-B059-E4CC67F48CE6}.Ad-Hoc|Any CPU.ActiveCfg = Debug|Any CPU
		{8BE4DE02-E6BF-43CF-B059-E4CC67F48CE6}.Ad-Hoc|Any CPU.Build.0 = Debug|Any CPU
		{8BE4DE02-E6BF-43CF-B059-E4CC67F48CE6}.Ad-Hoc|ARM.ActiveCfg = Debug|Any CPU
		{8BE4DE02-E6BF-43CF-B059-E4CC67F48CE6}.Ad-Hoc|ARM.Build.0 = Debug|Any CPU
		{8BE4DE02-E6BF-43CF-B059-E4CC67F48CE6}.Ad-Hoc|iPhone.ActiveCfg = Debug|Any CPU
		{8BE4DE02-E6BF-43CF-B059-E4CC67F48CE6}.Ad-Hoc|iPhone.Build.0 = Debug|Any CPU
		{8BE4DE02-E6BF-43CF-B059-E4CC67F48CE6}.Ad-Hoc|iPhoneSimulator.ActiveCfg = Debug|Any CPU
		{8BE4DE02-E6BF-43CF-B059-E4CC67F48CE6}.Ad-Hoc|iPhoneSimulator.Build.0 = Debug|Any CPU
		{8BE4DE02-E6BF-43CF-B059-E4CC67F48CE6}.Ad-Hoc|x64.ActiveCfg = Debug|Any CPU
		{8BE4DE02-E6BF-43CF-B059-E4CC67F48CE6}.Ad-Hoc|x64.Build.0 = Debug|Any CPU
		{8BE4DE02-E6BF-43CF-B059-E4CC67F48CE6}.Ad-Hoc|x86.ActiveCfg = Debug|Any CPU
		{8BE4DE02-E6BF-43CF-B059-E4CC67F48CE6}.Ad-Hoc|x86.Build.0 = Debug|Any CPU
		{8BE4DE02-E6BF-43CF-B059-E4CC67F48CE6}.AppStore|Any CPU.ActiveCfg = Debug|Any CPU
		{8BE4DE02-E6BF-43CF-B059-E4CC67F48CE6}.AppStore|Any CPU.Build.0 = Debug|Any CPU
		{8BE4DE02-E6BF-43CF-B059-E4CC67F48CE6}.AppStore|ARM.ActiveCfg = Debug|Any CPU
		{8BE4DE02-E6BF-43CF-B059-E4CC67F48CE6}.AppStore|ARM.Build.0 = Debug|Any CPU
		{8BE4DE02-E6BF-43CF-B059-E4CC67F48CE6}.AppStore|iPhone.ActiveCfg = Debug|Any CPU
		{8BE4DE02-E6BF-43CF-B059-E4CC67F48CE6}.AppStore|iPhone.Build.0 = Debug|Any CPU
		{8BE4DE02-E6BF-43CF-B059-E4CC67F48CE6}.AppStore|iPhoneSimulator.ActiveCfg = Debug|Any CPU
		{8BE4DE02-E6BF-43CF-B059-E4CC67F48CE6}.AppStore|iPhoneSimulator.Build.0 = Debug|Any CPU
		{8BE4DE02-E6BF-43CF-B059-E4CC67F48CE6}.AppStore|x64.ActiveCfg = Debug|Any CPU
		{8BE4DE02-E6BF-43CF-B059-E4CC67F48CE6}.AppStore|x64.Build.0 = Debug|Any CPU
		{8BE4DE02-E6BF-43CF-B059-E4CC67F48CE6}.AppStore|x86.ActiveCfg = Debug|Any CPU
		{8BE4DE02-E6BF-43CF-B059-E4CC67F48CE6}.AppStore|x86.Build.0 = Debug|Any CPU
		{8BE4DE02-E6BF-43CF-B059-E4CC67F48CE6}.Debug|Any CPU.ActiveCfg = Debug|Any CPU
		{8BE4DE02-E6BF-43CF-B059-E4CC67F48CE6}.Debug|Any CPU.Build.0 = Debug|Any CPU
		{8BE4DE02-E6BF-43CF-B059-E4CC67F48CE6}.Debug|ARM.ActiveCfg = Debug|Any CPU
		{8BE4DE02-E6BF-43CF-B059-E4CC67F48CE6}.Debug|ARM.Build.0 = Debug|Any CPU
		{8BE4DE02-E6BF-43CF-B059-E4CC67F48CE6}.Debug|iPhone.ActiveCfg = Debug|Any CPU
		{8BE4DE02-E6BF-43CF-B059-E4CC67F48CE6}.Debug|iPhone.Build.0 = Debug|Any CPU
		{8BE4DE02-E6BF-43CF-B059-E4CC67F48CE6}.Debug|iPhoneSimulator.ActiveCfg = Debug|Any CPU
		{8BE4DE02-E6BF-43CF-B059-E4CC67F48CE6}.Debug|iPhoneSimulator.Build.0 = Debug|Any CPU
		{8BE4DE02-E6BF-43CF-B059-E4CC67F48CE6}.Debug|x64.ActiveCfg = Debug|Any CPU
		{8BE4DE02-E6BF-43CF-B059-E4CC67F48CE6}.Debug|x64.Build.0 = Debug|Any CPU
		{8BE4DE02-E6BF-43CF-B059-E4CC67F48CE6}.Debug|x86.ActiveCfg = Debug|Any CPU
		{8BE4DE02-E6BF-43CF-B059-E4CC67F48CE6}.Debug|x86.Build.0 = Debug|Any CPU
		{8BE4DE02-E6BF-43CF-B059-E4CC67F48CE6}.Release|Any CPU.ActiveCfg = Release|Any CPU
		{8BE4DE02-E6BF-43CF-B059-E4CC67F48CE6}.Release|Any CPU.Build.0 = Release|Any CPU
		{8BE4DE02-E6BF-43CF-B059-E4CC67F48CE6}.Release|ARM.ActiveCfg = Release|Any CPU
		{8BE4DE02-E6BF-43CF-B059-E4CC67F48CE6}.Release|ARM.Build.0 = Release|Any CPU
		{8BE4DE02-E6BF-43CF-B059-E4CC67F48CE6}.Release|iPhone.ActiveCfg = Release|Any CPU
		{8BE4DE02-E6BF-43CF-B059-E4CC67F48CE6}.Release|iPhone.Build.0 = Release|Any CPU
		{8BE4DE02-E6BF-43CF-B059-E4CC67F48CE6}.Release|iPhoneSimulator.ActiveCfg = Release|Any CPU
		{8BE4DE02-E6BF-43CF-B059-E4CC67F48CE6}.Release|iPhoneSimulator.Build.0 = Release|Any CPU
		{8BE4DE02-E6BF-43CF-B059-E4CC67F48CE6}.Release|x64.ActiveCfg = Release|Any CPU
		{8BE4DE02-E6BF-43CF-B059-E4CC67F48CE6}.Release|x64.Build.0 = Release|Any CPU
		{8BE4DE02-E6BF-43CF-B059-E4CC67F48CE6}.Release|x86.ActiveCfg = Release|Any CPU
		{8BE4DE02-E6BF-43CF-B059-E4CC67F48CE6}.Release|x86.Build.0 = Release|Any CPU
		{28DD31DB-1EB5-4A7E-9EA8-F5BD655209D2}.Ad-Hoc|Any CPU.ActiveCfg = Ad-Hoc|iPhone
		{28DD31DB-1EB5-4A7E-9EA8-F5BD655209D2}.Ad-Hoc|ARM.ActiveCfg = Ad-Hoc|iPhone
		{28DD31DB-1EB5-4A7E-9EA8-F5BD655209D2}.Ad-Hoc|iPhone.ActiveCfg = Ad-Hoc|iPhone
		{28DD31DB-1EB5-4A7E-9EA8-F5BD655209D2}.Ad-Hoc|iPhone.Build.0 = Ad-Hoc|iPhone
		{28DD31DB-1EB5-4A7E-9EA8-F5BD655209D2}.Ad-Hoc|iPhoneSimulator.ActiveCfg = Ad-Hoc|iPhoneSimulator
		{28DD31DB-1EB5-4A7E-9EA8-F5BD655209D2}.Ad-Hoc|iPhoneSimulator.Build.0 = Ad-Hoc|iPhoneSimulator
		{28DD31DB-1EB5-4A7E-9EA8-F5BD655209D2}.Ad-Hoc|x64.ActiveCfg = Ad-Hoc|iPhone
		{28DD31DB-1EB5-4A7E-9EA8-F5BD655209D2}.Ad-Hoc|x86.ActiveCfg = Ad-Hoc|iPhone
		{28DD31DB-1EB5-4A7E-9EA8-F5BD655209D2}.AppStore|Any CPU.ActiveCfg = AppStore|iPhone
		{28DD31DB-1EB5-4A7E-9EA8-F5BD655209D2}.AppStore|ARM.ActiveCfg = AppStore|iPhone
		{28DD31DB-1EB5-4A7E-9EA8-F5BD655209D2}.AppStore|iPhone.ActiveCfg = AppStore|iPhone
		{28DD31DB-1EB5-4A7E-9EA8-F5BD655209D2}.AppStore|iPhone.Build.0 = AppStore|iPhone
		{28DD31DB-1EB5-4A7E-9EA8-F5BD655209D2}.AppStore|iPhoneSimulator.ActiveCfg = AppStore|iPhoneSimulator
		{28DD31DB-1EB5-4A7E-9EA8-F5BD655209D2}.AppStore|iPhoneSimulator.Build.0 = AppStore|iPhoneSimulator
		{28DD31DB-1EB5-4A7E-9EA8-F5BD655209D2}.AppStore|x64.ActiveCfg = AppStore|iPhone
		{28DD31DB-1EB5-4A7E-9EA8-F5BD655209D2}.AppStore|x86.ActiveCfg = AppStore|iPhone
		{28DD31DB-1EB5-4A7E-9EA8-F5BD655209D2}.Debug|Any CPU.ActiveCfg = Debug|iPhone
		{28DD31DB-1EB5-4A7E-9EA8-F5BD655209D2}.Debug|ARM.ActiveCfg = Debug|iPhone
		{28DD31DB-1EB5-4A7E-9EA8-F5BD655209D2}.Debug|iPhone.ActiveCfg = Debug|iPhone
		{28DD31DB-1EB5-4A7E-9EA8-F5BD655209D2}.Debug|iPhone.Build.0 = Debug|iPhone
		{28DD31DB-1EB5-4A7E-9EA8-F5BD655209D2}.Debug|iPhoneSimulator.ActiveCfg = Debug|iPhoneSimulator
		{28DD31DB-1EB5-4A7E-9EA8-F5BD655209D2}.Debug|iPhoneSimulator.Build.0 = Debug|iPhoneSimulator
		{28DD31DB-1EB5-4A7E-9EA8-F5BD655209D2}.Debug|x64.ActiveCfg = Debug|iPhone
		{28DD31DB-1EB5-4A7E-9EA8-F5BD655209D2}.Debug|x86.ActiveCfg = Debug|iPhone
		{28DD31DB-1EB5-4A7E-9EA8-F5BD655209D2}.Release|Any CPU.ActiveCfg = Release|iPhone
		{28DD31DB-1EB5-4A7E-9EA8-F5BD655209D2}.Release|ARM.ActiveCfg = Release|iPhone
		{28DD31DB-1EB5-4A7E-9EA8-F5BD655209D2}.Release|iPhone.ActiveCfg = Release|iPhone
		{28DD31DB-1EB5-4A7E-9EA8-F5BD655209D2}.Release|iPhone.Build.0 = Release|iPhone
		{28DD31DB-1EB5-4A7E-9EA8-F5BD655209D2}.Release|iPhoneSimulator.ActiveCfg = Release|iPhoneSimulator
		{28DD31DB-1EB5-4A7E-9EA8-F5BD655209D2}.Release|iPhoneSimulator.Build.0 = Release|iPhoneSimulator
		{28DD31DB-1EB5-4A7E-9EA8-F5BD655209D2}.Release|x64.ActiveCfg = Release|iPhone
		{28DD31DB-1EB5-4A7E-9EA8-F5BD655209D2}.Release|x86.ActiveCfg = Release|iPhone
		{33B29BA0-A95F-4CA1-A1F1-2E1379169603}.Ad-Hoc|Any CPU.ActiveCfg = Release|x86
		{33B29BA0-A95F-4CA1-A1F1-2E1379169603}.Ad-Hoc|Any CPU.Build.0 = Release|x86
		{33B29BA0-A95F-4CA1-A1F1-2E1379169603}.Ad-Hoc|Any CPU.Deploy.0 = Release|x86
		{33B29BA0-A95F-4CA1-A1F1-2E1379169603}.Ad-Hoc|ARM.ActiveCfg = Release|ARM
		{33B29BA0-A95F-4CA1-A1F1-2E1379169603}.Ad-Hoc|ARM.Build.0 = Release|ARM
		{33B29BA0-A95F-4CA1-A1F1-2E1379169603}.Ad-Hoc|ARM.Deploy.0 = Release|ARM
		{33B29BA0-A95F-4CA1-A1F1-2E1379169603}.Ad-Hoc|iPhone.ActiveCfg = Release|x86
		{33B29BA0-A95F-4CA1-A1F1-2E1379169603}.Ad-Hoc|iPhone.Build.0 = Release|x86
		{33B29BA0-A95F-4CA1-A1F1-2E1379169603}.Ad-Hoc|iPhone.Deploy.0 = Release|x86
		{33B29BA0-A95F-4CA1-A1F1-2E1379169603}.Ad-Hoc|iPhoneSimulator.ActiveCfg = Release|x86
		{33B29BA0-A95F-4CA1-A1F1-2E1379169603}.Ad-Hoc|iPhoneSimulator.Build.0 = Release|x86
		{33B29BA0-A95F-4CA1-A1F1-2E1379169603}.Ad-Hoc|iPhoneSimulator.Deploy.0 = Release|x86
		{33B29BA0-A95F-4CA1-A1F1-2E1379169603}.Ad-Hoc|x64.ActiveCfg = Release|x64
		{33B29BA0-A95F-4CA1-A1F1-2E1379169603}.Ad-Hoc|x64.Build.0 = Release|x64
		{33B29BA0-A95F-4CA1-A1F1-2E1379169603}.Ad-Hoc|x64.Deploy.0 = Release|x64
		{33B29BA0-A95F-4CA1-A1F1-2E1379169603}.Ad-Hoc|x86.ActiveCfg = Release|x86
		{33B29BA0-A95F-4CA1-A1F1-2E1379169603}.Ad-Hoc|x86.Build.0 = Release|x86
		{33B29BA0-A95F-4CA1-A1F1-2E1379169603}.Ad-Hoc|x86.Deploy.0 = Release|x86
		{33B29BA0-A95F-4CA1-A1F1-2E1379169603}.AppStore|Any CPU.ActiveCfg = Release|x86
		{33B29BA0-A95F-4CA1-A1F1-2E1379169603}.AppStore|Any CPU.Build.0 = Release|x86
		{33B29BA0-A95F-4CA1-A1F1-2E1379169603}.AppStore|Any CPU.Deploy.0 = Release|x86
		{33B29BA0-A95F-4CA1-A1F1-2E1379169603}.AppStore|ARM.ActiveCfg = Release|ARM
		{33B29BA0-A95F-4CA1-A1F1-2E1379169603}.AppStore|ARM.Build.0 = Release|ARM
		{33B29BA0-A95F-4CA1-A1F1-2E1379169603}.AppStore|ARM.Deploy.0 = Release|ARM
		{33B29BA0-A95F-4CA1-A1F1-2E1379169603}.AppStore|iPhone.ActiveCfg = Release|x86
		{33B29BA0-A95F-4CA1-A1F1-2E1379169603}.AppStore|iPhone.Build.0 = Release|x86
		{33B29BA0-A95F-4CA1-A1F1-2E1379169603}.AppStore|iPhone.Deploy.0 = Release|x86
		{33B29BA0-A95F-4CA1-A1F1-2E1379169603}.AppStore|iPhoneSimulator.ActiveCfg = Release|x86
		{33B29BA0-A95F-4CA1-A1F1-2E1379169603}.AppStore|iPhoneSimulator.Build.0 = Release|x86
		{33B29BA0-A95F-4CA1-A1F1-2E1379169603}.AppStore|iPhoneSimulator.Deploy.0 = Release|x86
		{33B29BA0-A95F-4CA1-A1F1-2E1379169603}.AppStore|x64.ActiveCfg = Release|x64
		{33B29BA0-A95F-4CA1-A1F1-2E1379169603}.AppStore|x64.Build.0 = Release|x64
		{33B29BA0-A95F-4CA1-A1F1-2E1379169603}.AppStore|x64.Deploy.0 = Release|x64
		{33B29BA0-A95F-4CA1-A1F1-2E1379169603}.AppStore|x86.ActiveCfg = Release|x86
		{33B29BA0-A95F-4CA1-A1F1-2E1379169603}.AppStore|x86.Build.0 = Release|x86
		{33B29BA0-A95F-4CA1-A1F1-2E1379169603}.AppStore|x86.Deploy.0 = Release|x86
		{33B29BA0-A95F-4CA1-A1F1-2E1379169603}.Debug|Any CPU.ActiveCfg = Debug|x86
		{33B29BA0-A95F-4CA1-A1F1-2E1379169603}.Debug|ARM.ActiveCfg = Debug|ARM
		{33B29BA0-A95F-4CA1-A1F1-2E1379169603}.Debug|ARM.Build.0 = Debug|ARM
		{33B29BA0-A95F-4CA1-A1F1-2E1379169603}.Debug|ARM.Deploy.0 = Debug|ARM
		{33B29BA0-A95F-4CA1-A1F1-2E1379169603}.Debug|iPhone.ActiveCfg = Debug|x86
		{33B29BA0-A95F-4CA1-A1F1-2E1379169603}.Debug|iPhoneSimulator.ActiveCfg = Debug|x86
		{33B29BA0-A95F-4CA1-A1F1-2E1379169603}.Debug|x64.ActiveCfg = Debug|x64
		{33B29BA0-A95F-4CA1-A1F1-2E1379169603}.Debug|x64.Build.0 = Debug|x64
		{33B29BA0-A95F-4CA1-A1F1-2E1379169603}.Debug|x64.Deploy.0 = Debug|x64
		{33B29BA0-A95F-4CA1-A1F1-2E1379169603}.Debug|x86.ActiveCfg = Debug|x86
		{33B29BA0-A95F-4CA1-A1F1-2E1379169603}.Debug|x86.Build.0 = Debug|x86
		{33B29BA0-A95F-4CA1-A1F1-2E1379169603}.Debug|x86.Deploy.0 = Debug|x86
		{33B29BA0-A95F-4CA1-A1F1-2E1379169603}.Release|Any CPU.ActiveCfg = Release|x86
		{33B29BA0-A95F-4CA1-A1F1-2E1379169603}.Release|ARM.ActiveCfg = Release|ARM
		{33B29BA0-A95F-4CA1-A1F1-2E1379169603}.Release|ARM.Build.0 = Release|ARM
		{33B29BA0-A95F-4CA1-A1F1-2E1379169603}.Release|ARM.Deploy.0 = Release|ARM
		{33B29BA0-A95F-4CA1-A1F1-2E1379169603}.Release|iPhone.ActiveCfg = Release|x86
		{33B29BA0-A95F-4CA1-A1F1-2E1379169603}.Release|iPhoneSimulator.ActiveCfg = Release|x86
		{33B29BA0-A95F-4CA1-A1F1-2E1379169603}.Release|x64.ActiveCfg = Release|x64
		{33B29BA0-A95F-4CA1-A1F1-2E1379169603}.Release|x64.Build.0 = Release|x64
		{33B29BA0-A95F-4CA1-A1F1-2E1379169603}.Release|x64.Deploy.0 = Release|x64
		{33B29BA0-A95F-4CA1-A1F1-2E1379169603}.Release|x86.ActiveCfg = Release|x86
		{33B29BA0-A95F-4CA1-A1F1-2E1379169603}.Release|x86.Build.0 = Release|x86
		{33B29BA0-A95F-4CA1-A1F1-2E1379169603}.Release|x86.Deploy.0 = Release|x86
		{4F4F7985-6EBA-4282-9513-5C4F7DE8578A}.Ad-Hoc|Any CPU.ActiveCfg = Release|Any CPU
		{4F4F7985-6EBA-4282-9513-5C4F7DE8578A}.Ad-Hoc|Any CPU.Build.0 = Release|Any CPU
		{4F4F7985-6EBA-4282-9513-5C4F7DE8578A}.Ad-Hoc|ARM.ActiveCfg = Release|Any CPU
		{4F4F7985-6EBA-4282-9513-5C4F7DE8578A}.Ad-Hoc|ARM.Build.0 = Release|Any CPU
		{4F4F7985-6EBA-4282-9513-5C4F7DE8578A}.Ad-Hoc|iPhone.ActiveCfg = Release|Any CPU
		{4F4F7985-6EBA-4282-9513-5C4F7DE8578A}.Ad-Hoc|iPhone.Build.0 = Release|Any CPU
		{4F4F7985-6EBA-4282-9513-5C4F7DE8578A}.Ad-Hoc|iPhoneSimulator.ActiveCfg = Release|Any CPU
		{4F4F7985-6EBA-4282-9513-5C4F7DE8578A}.Ad-Hoc|iPhoneSimulator.Build.0 = Release|Any CPU
		{4F4F7985-6EBA-4282-9513-5C4F7DE8578A}.Ad-Hoc|x64.ActiveCfg = Release|Any CPU
		{4F4F7985-6EBA-4282-9513-5C4F7DE8578A}.Ad-Hoc|x64.Build.0 = Release|Any CPU
		{4F4F7985-6EBA-4282-9513-5C4F7DE8578A}.Ad-Hoc|x86.ActiveCfg = Release|Any CPU
		{4F4F7985-6EBA-4282-9513-5C4F7DE8578A}.Ad-Hoc|x86.Build.0 = Release|Any CPU
		{4F4F7985-6EBA-4282-9513-5C4F7DE8578A}.AppStore|Any CPU.ActiveCfg = Release|Any CPU
		{4F4F7985-6EBA-4282-9513-5C4F7DE8578A}.AppStore|Any CPU.Build.0 = Release|Any CPU
		{4F4F7985-6EBA-4282-9513-5C4F7DE8578A}.AppStore|ARM.ActiveCfg = Release|Any CPU
		{4F4F7985-6EBA-4282-9513-5C4F7DE8578A}.AppStore|ARM.Build.0 = Release|Any CPU
		{4F4F7985-6EBA-4282-9513-5C4F7DE8578A}.AppStore|iPhone.ActiveCfg = Release|Any CPU
		{4F4F7985-6EBA-4282-9513-5C4F7DE8578A}.AppStore|iPhone.Build.0 = Release|Any CPU
		{4F4F7985-6EBA-4282-9513-5C4F7DE8578A}.AppStore|iPhoneSimulator.ActiveCfg = Release|Any CPU
		{4F4F7985-6EBA-4282-9513-5C4F7DE8578A}.AppStore|iPhoneSimulator.Build.0 = Release|Any CPU
		{4F4F7985-6EBA-4282-9513-5C4F7DE8578A}.AppStore|x64.ActiveCfg = Release|Any CPU
		{4F4F7985-6EBA-4282-9513-5C4F7DE8578A}.AppStore|x64.Build.0 = Release|Any CPU
		{4F4F7985-6EBA-4282-9513-5C4F7DE8578A}.AppStore|x86.ActiveCfg = Release|Any CPU
		{4F4F7985-6EBA-4282-9513-5C4F7DE8578A}.AppStore|x86.Build.0 = Release|Any CPU
		{4F4F7985-6EBA-4282-9513-5C4F7DE8578A}.Debug|Any CPU.ActiveCfg = Debug|Any CPU
		{4F4F7985-6EBA-4282-9513-5C4F7DE8578A}.Debug|Any CPU.Build.0 = Debug|Any CPU
		{4F4F7985-6EBA-4282-9513-5C4F7DE8578A}.Debug|ARM.ActiveCfg = Debug|Any CPU
		{4F4F7985-6EBA-4282-9513-5C4F7DE8578A}.Debug|ARM.Build.0 = Debug|Any CPU
		{4F4F7985-6EBA-4282-9513-5C4F7DE8578A}.Debug|iPhone.ActiveCfg = Debug|Any CPU
		{4F4F7985-6EBA-4282-9513-5C4F7DE8578A}.Debug|iPhone.Build.0 = Debug|Any CPU
		{4F4F7985-6EBA-4282-9513-5C4F7DE8578A}.Debug|iPhoneSimulator.ActiveCfg = Debug|Any CPU
		{4F4F7985-6EBA-4282-9513-5C4F7DE8578A}.Debug|iPhoneSimulator.Build.0 = Debug|Any CPU
		{4F4F7985-6EBA-4282-9513-5C4F7DE8578A}.Debug|x64.ActiveCfg = Debug|Any CPU
		{4F4F7985-6EBA-4282-9513-5C4F7DE8578A}.Debug|x64.Build.0 = Debug|Any CPU
		{4F4F7985-6EBA-4282-9513-5C4F7DE8578A}.Debug|x86.ActiveCfg = Debug|Any CPU
		{4F4F7985-6EBA-4282-9513-5C4F7DE8578A}.Debug|x86.Build.0 = Debug|Any CPU
		{4F4F7985-6EBA-4282-9513-5C4F7DE8578A}.Release|Any CPU.ActiveCfg = Release|Any CPU
		{4F4F7985-6EBA-4282-9513-5C4F7DE8578A}.Release|Any CPU.Build.0 = Release|Any CPU
		{4F4F7985-6EBA-4282-9513-5C4F7DE8578A}.Release|ARM.ActiveCfg = Release|Any CPU
		{4F4F7985-6EBA-4282-9513-5C4F7DE8578A}.Release|ARM.Build.0 = Release|Any CPU
		{4F4F7985-6EBA-4282-9513-5C4F7DE8578A}.Release|iPhone.ActiveCfg = Release|Any CPU
		{4F4F7985-6EBA-4282-9513-5C4F7DE8578A}.Release|iPhone.Build.0 = Release|Any CPU
		{4F4F7985-6EBA-4282-9513-5C4F7DE8578A}.Release|iPhoneSimulator.ActiveCfg = Release|Any CPU
		{4F4F7985-6EBA-4282-9513-5C4F7DE8578A}.Release|iPhoneSimulator.Build.0 = Release|Any CPU
		{4F4F7985-6EBA-4282-9513-5C4F7DE8578A}.Release|x64.ActiveCfg = Release|Any CPU
		{4F4F7985-6EBA-4282-9513-5C4F7DE8578A}.Release|x64.Build.0 = Release|Any CPU
		{4F4F7985-6EBA-4282-9513-5C4F7DE8578A}.Release|x86.ActiveCfg = Release|Any CPU
		{4F4F7985-6EBA-4282-9513-5C4F7DE8578A}.Release|x86.Build.0 = Release|Any CPU
		{54168F60-BA4D-41EE-873D-11A873CBDADE}.Ad-Hoc|Any CPU.ActiveCfg = Release|Any CPU
		{54168F60-BA4D-41EE-873D-11A873CBDADE}.Ad-Hoc|Any CPU.Build.0 = Release|Any CPU
		{54168F60-BA4D-41EE-873D-11A873CBDADE}.Ad-Hoc|ARM.ActiveCfg = Release|Any CPU
		{54168F60-BA4D-41EE-873D-11A873CBDADE}.Ad-Hoc|ARM.Build.0 = Release|Any CPU
		{54168F60-BA4D-41EE-873D-11A873CBDADE}.Ad-Hoc|iPhone.ActiveCfg = Release|Any CPU
		{54168F60-BA4D-41EE-873D-11A873CBDADE}.Ad-Hoc|iPhone.Build.0 = Release|Any CPU
		{54168F60-BA4D-41EE-873D-11A873CBDADE}.Ad-Hoc|iPhoneSimulator.ActiveCfg = Release|Any CPU
		{54168F60-BA4D-41EE-873D-11A873CBDADE}.Ad-Hoc|iPhoneSimulator.Build.0 = Release|Any CPU
		{54168F60-BA4D-41EE-873D-11A873CBDADE}.Ad-Hoc|x64.ActiveCfg = Release|Any CPU
		{54168F60-BA4D-41EE-873D-11A873CBDADE}.Ad-Hoc|x64.Build.0 = Release|Any CPU
		{54168F60-BA4D-41EE-873D-11A873CBDADE}.Ad-Hoc|x86.ActiveCfg = Release|Any CPU
		{54168F60-BA4D-41EE-873D-11A873CBDADE}.Ad-Hoc|x86.Build.0 = Release|Any CPU
		{54168F60-BA4D-41EE-873D-11A873CBDADE}.AppStore|Any CPU.ActiveCfg = Release|Any CPU
		{54168F60-BA4D-41EE-873D-11A873CBDADE}.AppStore|Any CPU.Build.0 = Release|Any CPU
		{54168F60-BA4D-41EE-873D-11A873CBDADE}.AppStore|ARM.ActiveCfg = Release|Any CPU
		{54168F60-BA4D-41EE-873D-11A873CBDADE}.AppStore|ARM.Build.0 = Release|Any CPU
		{54168F60-BA4D-41EE-873D-11A873CBDADE}.AppStore|iPhone.ActiveCfg = Release|Any CPU
		{54168F60-BA4D-41EE-873D-11A873CBDADE}.AppStore|iPhone.Build.0 = Release|Any CPU
		{54168F60-BA4D-41EE-873D-11A873CBDADE}.AppStore|iPhoneSimulator.ActiveCfg = Release|Any CPU
		{54168F60-BA4D-41EE-873D-11A873CBDADE}.AppStore|iPhoneSimulator.Build.0 = Release|Any CPU
		{54168F60-BA4D-41EE-873D-11A873CBDADE}.AppStore|x64.ActiveCfg = Release|Any CPU
		{54168F60-BA4D-41EE-873D-11A873CBDADE}.AppStore|x64.Build.0 = Release|Any CPU
		{54168F60-BA4D-41EE-873D-11A873CBDADE}.AppStore|x86.ActiveCfg = Release|Any CPU
		{54168F60-BA4D-41EE-873D-11A873CBDADE}.AppStore|x86.Build.0 = Release|Any CPU
		{54168F60-BA4D-41EE-873D-11A873CBDADE}.Debug|Any CPU.ActiveCfg = Debug|Any CPU
		{54168F60-BA4D-41EE-873D-11A873CBDADE}.Debug|Any CPU.Build.0 = Debug|Any CPU
		{54168F60-BA4D-41EE-873D-11A873CBDADE}.Debug|ARM.ActiveCfg = Debug|Any CPU
		{54168F60-BA4D-41EE-873D-11A873CBDADE}.Debug|ARM.Build.0 = Debug|Any CPU
		{54168F60-BA4D-41EE-873D-11A873CBDADE}.Debug|iPhone.ActiveCfg = Debug|Any CPU
		{54168F60-BA4D-41EE-873D-11A873CBDADE}.Debug|iPhone.Build.0 = Debug|Any CPU
		{54168F60-BA4D-41EE-873D-11A873CBDADE}.Debug|iPhoneSimulator.ActiveCfg = Debug|Any CPU
		{54168F60-BA4D-41EE-873D-11A873CBDADE}.Debug|iPhoneSimulator.Build.0 = Debug|Any CPU
		{54168F60-BA4D-41EE-873D-11A873CBDADE}.Debug|x64.ActiveCfg = Debug|Any CPU
		{54168F60-BA4D-41EE-873D-11A873CBDADE}.Debug|x64.Build.0 = Debug|Any CPU
		{54168F60-BA4D-41EE-873D-11A873CBDADE}.Debug|x86.ActiveCfg = Debug|Any CPU
		{54168F60-BA4D-41EE-873D-11A873CBDADE}.Debug|x86.Build.0 = Debug|Any CPU
		{54168F60-BA4D-41EE-873D-11A873CBDADE}.Release|Any CPU.ActiveCfg = Release|Any CPU
		{54168F60-BA4D-41EE-873D-11A873CBDADE}.Release|Any CPU.Build.0 = Release|Any CPU
		{54168F60-BA4D-41EE-873D-11A873CBDADE}.Release|ARM.ActiveCfg = Release|Any CPU
		{54168F60-BA4D-41EE-873D-11A873CBDADE}.Release|ARM.Build.0 = Release|Any CPU
		{54168F60-BA4D-41EE-873D-11A873CBDADE}.Release|iPhone.ActiveCfg = Release|Any CPU
		{54168F60-BA4D-41EE-873D-11A873CBDADE}.Release|iPhone.Build.0 = Release|Any CPU
		{54168F60-BA4D-41EE-873D-11A873CBDADE}.Release|iPhoneSimulator.ActiveCfg = Release|Any CPU
		{54168F60-BA4D-41EE-873D-11A873CBDADE}.Release|iPhoneSimulator.Build.0 = Release|Any CPU
		{54168F60-BA4D-41EE-873D-11A873CBDADE}.Release|x64.ActiveCfg = Release|Any CPU
		{54168F60-BA4D-41EE-873D-11A873CBDADE}.Release|x64.Build.0 = Release|Any CPU
		{54168F60-BA4D-41EE-873D-11A873CBDADE}.Release|x86.ActiveCfg = Release|Any CPU
		{54168F60-BA4D-41EE-873D-11A873CBDADE}.Release|x86.Build.0 = Release|Any CPU
		{4625E643-51E2-4D73-A7FA-B56F0C190F0E}.Ad-Hoc|Any CPU.ActiveCfg = Release|Any CPU
		{4625E643-51E2-4D73-A7FA-B56F0C190F0E}.Ad-Hoc|Any CPU.Build.0 = Release|Any CPU
		{4625E643-51E2-4D73-A7FA-B56F0C190F0E}.Ad-Hoc|ARM.ActiveCfg = Release|Any CPU
		{4625E643-51E2-4D73-A7FA-B56F0C190F0E}.Ad-Hoc|ARM.Build.0 = Release|Any CPU
		{4625E643-51E2-4D73-A7FA-B56F0C190F0E}.Ad-Hoc|iPhone.ActiveCfg = Release|Any CPU
		{4625E643-51E2-4D73-A7FA-B56F0C190F0E}.Ad-Hoc|iPhone.Build.0 = Release|Any CPU
		{4625E643-51E2-4D73-A7FA-B56F0C190F0E}.Ad-Hoc|iPhoneSimulator.ActiveCfg = Release|Any CPU
		{4625E643-51E2-4D73-A7FA-B56F0C190F0E}.Ad-Hoc|iPhoneSimulator.Build.0 = Release|Any CPU
		{4625E643-51E2-4D73-A7FA-B56F0C190F0E}.Ad-Hoc|x64.ActiveCfg = Release|Any CPU
		{4625E643-51E2-4D73-A7FA-B56F0C190F0E}.Ad-Hoc|x64.Build.0 = Release|Any CPU
		{4625E643-51E2-4D73-A7FA-B56F0C190F0E}.Ad-Hoc|x86.ActiveCfg = Release|Any CPU
		{4625E643-51E2-4D73-A7FA-B56F0C190F0E}.Ad-Hoc|x86.Build.0 = Release|Any CPU
		{4625E643-51E2-4D73-A7FA-B56F0C190F0E}.AppStore|Any CPU.ActiveCfg = Release|Any CPU
		{4625E643-51E2-4D73-A7FA-B56F0C190F0E}.AppStore|Any CPU.Build.0 = Release|Any CPU
		{4625E643-51E2-4D73-A7FA-B56F0C190F0E}.AppStore|ARM.ActiveCfg = Release|Any CPU
		{4625E643-51E2-4D73-A7FA-B56F0C190F0E}.AppStore|ARM.Build.0 = Release|Any CPU
		{4625E643-51E2-4D73-A7FA-B56F0C190F0E}.AppStore|iPhone.ActiveCfg = Release|Any CPU
		{4625E643-51E2-4D73-A7FA-B56F0C190F0E}.AppStore|iPhone.Build.0 = Release|Any CPU
		{4625E643-51E2-4D73-A7FA-B56F0C190F0E}.AppStore|iPhoneSimulator.ActiveCfg = Release|Any CPU
		{4625E643-51E2-4D73-A7FA-B56F0C190F0E}.AppStore|iPhoneSimulator.Build.0 = Release|Any CPU
		{4625E643-51E2-4D73-A7FA-B56F0C190F0E}.AppStore|x64.ActiveCfg = Release|Any CPU
		{4625E643-51E2-4D73-A7FA-B56F0C190F0E}.AppStore|x64.Build.0 = Release|Any CPU
		{4625E643-51E2-4D73-A7FA-B56F0C190F0E}.AppStore|x86.ActiveCfg = Release|Any CPU
		{4625E643-51E2-4D73-A7FA-B56F0C190F0E}.AppStore|x86.Build.0 = Release|Any CPU
		{4625E643-51E2-4D73-A7FA-B56F0C190F0E}.Debug|Any CPU.ActiveCfg = Debug|Any CPU
		{4625E643-51E2-4D73-A7FA-B56F0C190F0E}.Debug|Any CPU.Build.0 = Debug|Any CPU
		{4625E643-51E2-4D73-A7FA-B56F0C190F0E}.Debug|ARM.ActiveCfg = Debug|Any CPU
		{4625E643-51E2-4D73-A7FA-B56F0C190F0E}.Debug|ARM.Build.0 = Debug|Any CPU
		{4625E643-51E2-4D73-A7FA-B56F0C190F0E}.Debug|iPhone.ActiveCfg = Debug|Any CPU
		{4625E643-51E2-4D73-A7FA-B56F0C190F0E}.Debug|iPhone.Build.0 = Debug|Any CPU
		{4625E643-51E2-4D73-A7FA-B56F0C190F0E}.Debug|iPhoneSimulator.ActiveCfg = Debug|Any CPU
		{4625E643-51E2-4D73-A7FA-B56F0C190F0E}.Debug|iPhoneSimulator.Build.0 = Debug|Any CPU
		{4625E643-51E2-4D73-A7FA-B56F0C190F0E}.Debug|x64.ActiveCfg = Debug|Any CPU
		{4625E643-51E2-4D73-A7FA-B56F0C190F0E}.Debug|x64.Build.0 = Debug|Any CPU
		{4625E643-51E2-4D73-A7FA-B56F0C190F0E}.Debug|x86.ActiveCfg = Debug|Any CPU
		{4625E643-51E2-4D73-A7FA-B56F0C190F0E}.Debug|x86.Build.0 = Debug|Any CPU
		{4625E643-51E2-4D73-A7FA-B56F0C190F0E}.Release|Any CPU.ActiveCfg = Release|Any CPU
		{4625E643-51E2-4D73-A7FA-B56F0C190F0E}.Release|Any CPU.Build.0 = Release|Any CPU
		{4625E643-51E2-4D73-A7FA-B56F0C190F0E}.Release|ARM.ActiveCfg = Release|Any CPU
		{4625E643-51E2-4D73-A7FA-B56F0C190F0E}.Release|ARM.Build.0 = Release|Any CPU
		{4625E643-51E2-4D73-A7FA-B56F0C190F0E}.Release|iPhone.ActiveCfg = Release|Any CPU
		{4625E643-51E2-4D73-A7FA-B56F0C190F0E}.Release|iPhone.Build.0 = Release|Any CPU
		{4625E643-51E2-4D73-A7FA-B56F0C190F0E}.Release|iPhoneSimulator.ActiveCfg = Release|Any CPU
		{4625E643-51E2-4D73-A7FA-B56F0C190F0E}.Release|iPhoneSimulator.Build.0 = Release|Any CPU
		{4625E643-51E2-4D73-A7FA-B56F0C190F0E}.Release|x64.ActiveCfg = Release|Any CPU
		{4625E643-51E2-4D73-A7FA-B56F0C190F0E}.Release|x64.Build.0 = Release|Any CPU
		{4625E643-51E2-4D73-A7FA-B56F0C190F0E}.Release|x86.ActiveCfg = Release|Any CPU
		{4625E643-51E2-4D73-A7FA-B56F0C190F0E}.Release|x86.Build.0 = Release|Any CPU
		{BE62C612-CC0B-4DF3-92CF-5F5BAC05BF73}.Ad-Hoc|Any CPU.ActiveCfg = Release|x64
		{BE62C612-CC0B-4DF3-92CF-5F5BAC05BF73}.Ad-Hoc|Any CPU.Build.0 = Release|x64
		{BE62C612-CC0B-4DF3-92CF-5F5BAC05BF73}.Ad-Hoc|Any CPU.Deploy.0 = Release|x64
		{BE62C612-CC0B-4DF3-92CF-5F5BAC05BF73}.Ad-Hoc|ARM.ActiveCfg = Release|ARM
		{BE62C612-CC0B-4DF3-92CF-5F5BAC05BF73}.Ad-Hoc|ARM.Build.0 = Release|ARM
		{BE62C612-CC0B-4DF3-92CF-5F5BAC05BF73}.Ad-Hoc|ARM.Deploy.0 = Release|ARM
		{BE62C612-CC0B-4DF3-92CF-5F5BAC05BF73}.Ad-Hoc|ARM64.ActiveCfg = Release|ARM64
		{BE62C612-CC0B-4DF3-92CF-5F5BAC05BF73}.Ad-Hoc|ARM64.Build.0 = Release|ARM64
		{BE62C612-CC0B-4DF3-92CF-5F5BAC05BF73}.Ad-Hoc|ARM64.Deploy.0 = Release|ARM64
		{BE62C612-CC0B-4DF3-92CF-5F5BAC05BF73}.Ad-Hoc|iPhone.ActiveCfg = Release|x64
		{BE62C612-CC0B-4DF3-92CF-5F5BAC05BF73}.Ad-Hoc|iPhone.Build.0 = Release|x64
		{BE62C612-CC0B-4DF3-92CF-5F5BAC05BF73}.Ad-Hoc|iPhone.Deploy.0 = Release|x64
		{BE62C612-CC0B-4DF3-92CF-5F5BAC05BF73}.Ad-Hoc|iPhoneSimulator.ActiveCfg = Release|x64
		{BE62C612-CC0B-4DF3-92CF-5F5BAC05BF73}.Ad-Hoc|iPhoneSimulator.Build.0 = Release|x64
		{BE62C612-CC0B-4DF3-92CF-5F5BAC05BF73}.Ad-Hoc|iPhoneSimulator.Deploy.0 = Release|x64
		{BE62C612-CC0B-4DF3-92CF-5F5BAC05BF73}.Ad-Hoc|x64.ActiveCfg = Release|x64
		{BE62C612-CC0B-4DF3-92CF-5F5BAC05BF73}.Ad-Hoc|x64.Build.0 = Release|x64
		{BE62C612-CC0B-4DF3-92CF-5F5BAC05BF73}.Ad-Hoc|x64.Deploy.0 = Release|x64
		{BE62C612-CC0B-4DF3-92CF-5F5BAC05BF73}.Ad-Hoc|x86.ActiveCfg = Release|x86
		{BE62C612-CC0B-4DF3-92CF-5F5BAC05BF73}.Ad-Hoc|x86.Build.0 = Release|x86
		{BE62C612-CC0B-4DF3-92CF-5F5BAC05BF73}.Ad-Hoc|x86.Deploy.0 = Release|x86
		{BE62C612-CC0B-4DF3-92CF-5F5BAC05BF73}.AppStore|Any CPU.ActiveCfg = Release|x64
		{BE62C612-CC0B-4DF3-92CF-5F5BAC05BF73}.AppStore|Any CPU.Build.0 = Release|x64
		{BE62C612-CC0B-4DF3-92CF-5F5BAC05BF73}.AppStore|Any CPU.Deploy.0 = Release|x64
		{BE62C612-CC0B-4DF3-92CF-5F5BAC05BF73}.AppStore|ARM.ActiveCfg = Release|ARM
		{BE62C612-CC0B-4DF3-92CF-5F5BAC05BF73}.AppStore|ARM.Build.0 = Release|ARM
		{BE62C612-CC0B-4DF3-92CF-5F5BAC05BF73}.AppStore|ARM.Deploy.0 = Release|ARM
		{BE62C612-CC0B-4DF3-92CF-5F5BAC05BF73}.AppStore|ARM64.ActiveCfg = Release|ARM64
		{BE62C612-CC0B-4DF3-92CF-5F5BAC05BF73}.AppStore|ARM64.Build.0 = Release|ARM64
		{BE62C612-CC0B-4DF3-92CF-5F5BAC05BF73}.AppStore|ARM64.Deploy.0 = Release|ARM64
		{BE62C612-CC0B-4DF3-92CF-5F5BAC05BF73}.AppStore|iPhone.ActiveCfg = Release|x64
		{BE62C612-CC0B-4DF3-92CF-5F5BAC05BF73}.AppStore|iPhone.Build.0 = Release|x64
		{BE62C612-CC0B-4DF3-92CF-5F5BAC05BF73}.AppStore|iPhone.Deploy.0 = Release|x64
		{BE62C612-CC0B-4DF3-92CF-5F5BAC05BF73}.AppStore|iPhoneSimulator.ActiveCfg = Release|x64
		{BE62C612-CC0B-4DF3-92CF-5F5BAC05BF73}.AppStore|iPhoneSimulator.Build.0 = Release|x64
		{BE62C612-CC0B-4DF3-92CF-5F5BAC05BF73}.AppStore|iPhoneSimulator.Deploy.0 = Release|x64
		{BE62C612-CC0B-4DF3-92CF-5F5BAC05BF73}.AppStore|x64.ActiveCfg = Release|x64
		{BE62C612-CC0B-4DF3-92CF-5F5BAC05BF73}.AppStore|x64.Build.0 = Release|x64
		{BE62C612-CC0B-4DF3-92CF-5F5BAC05BF73}.AppStore|x64.Deploy.0 = Release|x64
		{BE62C612-CC0B-4DF3-92CF-5F5BAC05BF73}.AppStore|x86.ActiveCfg = Release|x86
		{BE62C612-CC0B-4DF3-92CF-5F5BAC05BF73}.AppStore|x86.Build.0 = Release|x86
		{BE62C612-CC0B-4DF3-92CF-5F5BAC05BF73}.AppStore|x86.Deploy.0 = Release|x86
		{BE62C612-CC0B-4DF3-92CF-5F5BAC05BF73}.Debug|Any CPU.ActiveCfg = Debug|x86
		{BE62C612-CC0B-4DF3-92CF-5F5BAC05BF73}.Debug|ARM.ActiveCfg = Debug|ARM
		{BE62C612-CC0B-4DF3-92CF-5F5BAC05BF73}.Debug|ARM.Build.0 = Debug|ARM
		{BE62C612-CC0B-4DF3-92CF-5F5BAC05BF73}.Debug|ARM.Deploy.0 = Debug|ARM
		{BE62C612-CC0B-4DF3-92CF-5F5BAC05BF73}.Debug|ARM64.ActiveCfg = Debug|ARM64
		{BE62C612-CC0B-4DF3-92CF-5F5BAC05BF73}.Debug|ARM64.Build.0 = Debug|ARM64
		{BE62C612-CC0B-4DF3-92CF-5F5BAC05BF73}.Debug|ARM64.Deploy.0 = Debug|ARM64
		{BE62C612-CC0B-4DF3-92CF-5F5BAC05BF73}.Debug|iPhone.ActiveCfg = Debug|x86
		{BE62C612-CC0B-4DF3-92CF-5F5BAC05BF73}.Debug|iPhoneSimulator.ActiveCfg = Debug|x86
		{BE62C612-CC0B-4DF3-92CF-5F5BAC05BF73}.Debug|x64.ActiveCfg = Debug|x64
		{BE62C612-CC0B-4DF3-92CF-5F5BAC05BF73}.Debug|x64.Build.0 = Debug|x64
		{BE62C612-CC0B-4DF3-92CF-5F5BAC05BF73}.Debug|x64.Deploy.0 = Debug|x64
		{BE62C612-CC0B-4DF3-92CF-5F5BAC05BF73}.Debug|x86.ActiveCfg = Debug|x86
		{BE62C612-CC0B-4DF3-92CF-5F5BAC05BF73}.Debug|x86.Build.0 = Debug|x86
		{BE62C612-CC0B-4DF3-92CF-5F5BAC05BF73}.Debug|x86.Deploy.0 = Debug|x86
		{BE62C612-CC0B-4DF3-92CF-5F5BAC05BF73}.Release|Any CPU.ActiveCfg = Release|x86
		{BE62C612-CC0B-4DF3-92CF-5F5BAC05BF73}.Release|ARM.ActiveCfg = Release|ARM
		{BE62C612-CC0B-4DF3-92CF-5F5BAC05BF73}.Release|ARM.Build.0 = Release|ARM
		{BE62C612-CC0B-4DF3-92CF-5F5BAC05BF73}.Release|ARM.Deploy.0 = Release|ARM
		{BE62C612-CC0B-4DF3-92CF-5F5BAC05BF73}.Release|ARM64.ActiveCfg = Release|ARM64
		{BE62C612-CC0B-4DF3-92CF-5F5BAC05BF73}.Release|ARM64.Build.0 = Release|ARM64
		{BE62C612-CC0B-4DF3-92CF-5F5BAC05BF73}.Release|ARM64.Deploy.0 = Release|ARM64
		{BE62C612-CC0B-4DF3-92CF-5F5BAC05BF73}.Release|iPhone.ActiveCfg = Release|x86
		{BE62C612-CC0B-4DF3-92CF-5F5BAC05BF73}.Release|iPhoneSimulator.ActiveCfg = Release|x86
		{BE62C612-CC0B-4DF3-92CF-5F5BAC05BF73}.Release|x64.ActiveCfg = Release|x64
		{BE62C612-CC0B-4DF3-92CF-5F5BAC05BF73}.Release|x64.Build.0 = Release|x64
		{BE62C612-CC0B-4DF3-92CF-5F5BAC05BF73}.Release|x64.Deploy.0 = Release|x64
		{BE62C612-CC0B-4DF3-92CF-5F5BAC05BF73}.Release|x86.ActiveCfg = Release|x86
		{BE62C612-CC0B-4DF3-92CF-5F5BAC05BF73}.Release|x86.Build.0 = Release|x86
		{BE62C612-CC0B-4DF3-92CF-5F5BAC05BF73}.Release|x86.Deploy.0 = Release|x86
	EndGlobalSection
	GlobalSection(SolutionProperties) = preSolution
		HideSolutionNode = FALSE
	EndGlobalSection
	GlobalSection(ExtensibilityGlobals) = postSolution
		SolutionGuid = {F6D05029-56B8-4E45-AF2D-0E76295DDBA2}
	EndGlobalSection
EndGlobal
